
Microsoft Visual Studio Solution File, Format Version 12.00
# Visual Studio 15
VisualStudioVersion = 15.0.28010.2050
MinimumVisualStudioVersion = 10.0.40219.1
Project("{FAE04EC0-301F-11D3-BF4B-00C04F79EFBC}") = "PI.Baktun", "PI. Baktun\PI.Baktun.csproj", "{F9C2B879-17CA-43C0-A705-46513A64491D}"
	ProjectSection(ProjectDependencies) = postProject
		{BF2BAC02-C4BC-4202-83FF-F2CAA00648DF} = {BF2BAC02-C4BC-4202-83FF-F2CAA00648DF}
		{D216AF20-694A-411D-B2BF-14F3555A5B58} = {D216AF20-694A-411D-B2BF-14F3555A5B58}
		{1F072446-6A87-498C-A1EE-78AFC755E164} = {1F072446-6A87-498C-A1EE-78AFC755E164}
		{BFA11872-38D3-48F5-BF5E-295E38D0DE8B} = {BFA11872-38D3-48F5-BF5E-295E38D0DE8B}
		{F4B3D9C6-9620-4A4E-BF69-0A015E162750} = {F4B3D9C6-9620-4A4E-BF69-0A015E162750}
	EndProjectSection
EndProject
Project("{2150E333-8FDC-42A3-9474-1A3956D46DE8}") = "1. PI.Presentation Layer", "1. PI.Presentation Layer", "{1F6748D7-D7E5-4890-8F6E-8391E0F2759B}"
EndProject
Project("{2150E333-8FDC-42A3-9474-1A3956D46DE8}") = "2. PI.Application Layer", "2. PI.Application Layer", "{D90CB991-3653-4D3B-8219-6BC038AAD7DF}"
EndProject
Project("{2150E333-8FDC-42A3-9474-1A3956D46DE8}") = "3. PI.Domain Model Layer", "3. PI.Domain Model Layer", "{FD272F8A-67AE-4C53-BC1E-C9BC9B23CCF6}"
EndProject
Project("{2150E333-8FDC-42A3-9474-1A3956D46DE8}") = "4. PI.Infrastructure Layer", "4. PI.Infrastructure Layer", "{3276207B-3DF0-4D5E-ACAC-9E41960A46C7}"
EndProject
Project("{2150E333-8FDC-42A3-9474-1A3956D46DE8}") = "5. Data Import", "5. Data Import", "{22B23AFF-09F9-4FB1-BF92-EA1A54262772}"
EndProject
Project("{FAE04EC0-301F-11D3-BF4B-00C04F79EFBC}") = "PI.Core", "PI.Core\PI.Core.csproj", "{BFA11872-38D3-48F5-BF5E-295E38D0DE8B}"
EndProject
Project("{FAE04EC0-301F-11D3-BF4B-00C04F79EFBC}") = "PI.DataAccess", "DataAccess\PI.DataAccess.csproj", "{1F072446-6A87-498C-A1EE-78AFC755E164}"
EndProject
Project("{FAE04EC0-301F-11D3-BF4B-00C04F79EFBC}") = "PI.Models", "PI.Models\PI.Models.csproj", "{D216AF20-694A-411D-B2BF-14F3555A5B58}"
EndProject
Project("{FAE04EC0-301F-11D3-BF4B-00C04F79EFBC}") = "Common.Web", "Common.Web\Common.Web.csproj", "{BF2BAC02-C4BC-4202-83FF-F2CAA00648DF}"
EndProject
Project("{FAE04EC0-301F-11D3-BF4B-00C04F79EFBC}") = "PI.Common", "PI.Common\PI.Common.csproj", "{F4B3D9C6-9620-4A4E-BF69-0A015E162750}"
EndProject
Project("{FAE04EC0-301F-11D3-BF4B-00C04F79EFBC}") = "DataImport", "DataImport\DataImport.csproj", "{49FEF08B-80B9-4D6A-997F-72179A34BF26}"
EndProject
Project("{FAE04EC0-301F-11D3-BF4B-00C04F79EFBC}") = "PI.Baktum.Intranet", "PI.Baktum.Intranet\PI.Baktum.Intranet.csproj", "{439BE037-E899-48F9-9F63-C522B3B31C6E}"
EndProject
Project("{FAE04EC0-301F-11D3-BF4B-00C04F79EFBC}") = "PI.Baktun.Publico", "PI.Baktun.Publico\PI.Baktun.Publico.csproj", "{FB45F9B2-EF41-4950-85EC-7D6FDF9D67CC}"
EndProject
Project("{FAE04EC0-301F-11D3-BF4B-00C04F79EFBC}") = "Fonetica", "Fonetica\Fonetica.csproj", "{42081A7C-E7D6-4013-A1AF-32E2D476725C}"
EndProject
Global
	GlobalSection(SolutionConfigurationPlatforms) = preSolution
		Debug|Any CPU = Debug|Any CPU
		Release|Any CPU = Release|Any CPU
	EndGlobalSection
	GlobalSection(ProjectConfigurationPlatforms) = postSolution
		{F9C2B879-17CA-43C0-A705-46513A64491D}.Debug|Any CPU.ActiveCfg = Debug|Any CPU
		{F9C2B879-17CA-43C0-A705-46513A64491D}.Debug|Any CPU.Build.0 = Debug|Any CPU
		{F9C2B879-17CA-43C0-A705-46513A64491D}.Release|Any CPU.ActiveCfg = Release|Any CPU
		{F9C2B879-17CA-43C0-A705-46513A64491D}.Release|Any CPU.Build.0 = Release|Any CPU
		{BFA11872-38D3-48F5-BF5E-295E38D0DE8B}.Debug|Any CPU.ActiveCfg = Debug|Any CPU
		{BFA11872-38D3-48F5-BF5E-295E38D0DE8B}.Debug|Any CPU.Build.0 = Debug|Any CPU
		{BFA11872-38D3-48F5-BF5E-295E38D0DE8B}.Release|Any CPU.ActiveCfg = Release|Any CPU
		{BFA11872-38D3-48F5-BF5E-295E38D0DE8B}.Release|Any CPU.Build.0 = Release|Any CPU
		{1F072446-6A87-498C-A1EE-78AFC755E164}.Debug|Any CPU.ActiveCfg = Debug|Any CPU
		{1F072446-6A87-498C-A1EE-78AFC755E164}.Debug|Any CPU.Build.0 = Debug|Any CPU
		{1F072446-6A87-498C-A1EE-78AFC755E164}.Release|Any CPU.ActiveCfg = Release|Any CPU
		{1F072446-6A87-498C-A1EE-78AFC755E164}.Release|Any CPU.Build.0 = Release|Any CPU
		{D216AF20-694A-411D-B2BF-14F3555A5B58}.Debug|Any CPU.ActiveCfg = Debug|Any CPU
		{D216AF20-694A-411D-B2BF-14F3555A5B58}.Debug|Any CPU.Build.0 = Debug|Any CPU
		{D216AF20-694A-411D-B2BF-14F3555A5B58}.Release|Any CPU.ActiveCfg = Release|Any CPU
		{D216AF20-694A-411D-B2BF-14F3555A5B58}.Release|Any CPU.Build.0 = Release|Any CPU
		{BF2BAC02-C4BC-4202-83FF-F2CAA00648DF}.Debug|Any CPU.ActiveCfg = Debug|Any CPU
		{BF2BAC02-C4BC-4202-83FF-F2CAA00648DF}.Debug|Any CPU.Build.0 = Debug|Any CPU
		{BF2BAC02-C4BC-4202-83FF-F2CAA00648DF}.Release|Any CPU.ActiveCfg = Release|Any CPU
		{BF2BAC02-C4BC-4202-83FF-F2CAA00648DF}.Release|Any CPU.Build.0 = Release|Any CPU
		{F4B3D9C6-9620-4A4E-BF69-0A015E162750}.Debug|Any CPU.ActiveCfg = Debug|Any CPU
		{F4B3D9C6-9620-4A4E-BF69-0A015E162750}.Debug|Any CPU.Build.0 = Debug|Any CPU
		{F4B3D9C6-9620-4A4E-BF69-0A015E162750}.Release|Any CPU.ActiveCfg = Release|Any CPU
		{F4B3D9C6-9620-4A4E-BF69-0A015E162750}.Release|Any CPU.Build.0 = Release|Any CPU
		{49FEF08B-80B9-4D6A-997F-72179A34BF26}.Debug|Any CPU.ActiveCfg = Debug|Any CPU
		{49FEF08B-80B9-4D6A-997F-72179A34BF26}.Debug|Any CPU.Build.0 = Debug|Any CPU
		{49FEF08B-80B9-4D6A-997F-72179A34BF26}.Release|Any CPU.ActiveCfg = Release|Any CPU
		{49FEF08B-80B9-4D6A-997F-72179A34BF26}.Release|Any CPU.Build.0 = Release|Any CPU
		{439BE037-E899-48F9-9F63-C522B3B31C6E}.Debug|Any CPU.ActiveCfg = Debug|Any CPU
		{439BE037-E899-48F9-9F63-C522B3B31C6E}.Debug|Any CPU.Build.0 = Debug|Any CPU
		{439BE037-E899-48F9-9F63-C522B3B31C6E}.Release|Any CPU.ActiveCfg = Release|Any CPU
		{439BE037-E899-48F9-9F63-C522B3B31C6E}.Release|Any CPU.Build.0 = Release|Any CPU
		{FB45F9B2-EF41-4950-85EC-7D6FDF9D67CC}.Debug|Any CPU.ActiveCfg = Debug|Any CPU
		{FB45F9B2-EF41-4950-85EC-7D6FDF9D67CC}.Debug|Any CPU.Build.0 = Debug|Any CPU
		{FB45F9B2-EF41-4950-85EC-7D6FDF9D67CC}.Release|Any CPU.ActiveCfg = Release|Any CPU
		{FB45F9B2-EF41-4950-85EC-7D6FDF9D67CC}.Release|Any CPU.Build.0 = Release|Any CPU
		{42081A7C-E7D6-4013-A1AF-32E2D476725C}.Debug|Any CPU.ActiveCfg = Debug|Any CPU
		{42081A7C-E7D6-4013-A1AF-32E2D476725C}.Debug|Any CPU.Build.0 = Debug|Any CPU
		{42081A7C-E7D6-4013-A1AF-32E2D476725C}.Release|Any CPU.ActiveCfg = Release|Any CPU
		{42081A7C-E7D6-4013-A1AF-32E2D476725C}.Release|Any CPU.Build.0 = Release|Any CPU
	EndGlobalSection
	GlobalSection(SolutionProperties) = preSolution
		HideSolutionNode = FALSE
	EndGlobalSection
	GlobalSection(NestedProjects) = preSolution
		{F9C2B879-17CA-43C0-A705-46513A64491D} = {1F6748D7-D7E5-4890-8F6E-8391E0F2759B}
		{BFA11872-38D3-48F5-BF5E-295E38D0DE8B} = {D90CB991-3653-4D3B-8219-6BC038AAD7DF}
		{1F072446-6A87-498C-A1EE-78AFC755E164} = {FD272F8A-67AE-4C53-BC1E-C9BC9B23CCF6}
		{D216AF20-694A-411D-B2BF-14F3555A5B58} = {FD272F8A-67AE-4C53-BC1E-C9BC9B23CCF6}
		{BF2BAC02-C4BC-4202-83FF-F2CAA00648DF} = {3276207B-3DF0-4D5E-ACAC-9E41960A46C7}
		{F4B3D9C6-9620-4A4E-BF69-0A015E162750} = {3276207B-3DF0-4D5E-ACAC-9E41960A46C7}
		{49FEF08B-80B9-4D6A-997F-72179A34BF26} = {22B23AFF-09F9-4FB1-BF92-EA1A54262772}
		{439BE037-E899-48F9-9F63-C522B3B31C6E} = {1F6748D7-D7E5-4890-8F6E-8391E0F2759B}
		{FB45F9B2-EF41-4950-85EC-7D6FDF9D67CC} = {1F6748D7-D7E5-4890-8F6E-8391E0F2759B}
		{42081A7C-E7D6-4013-A1AF-32E2D476725C} = {22B23AFF-09F9-4FB1-BF92-EA1A54262772}
	EndGlobalSection
	GlobalSection(ExtensibilityGlobals) = postSolution
		SolutionGuid = {E5DFBFF2-6A28-46A1-A546-556C56DDAAE8}
	EndGlobalSection
EndGlobal
